{
  "version": 4,
  "terraform_version": "0.12.26",
  "serial": 17,
  "lineage": "ef3e7724-0ac1-4086-e51a-778475d680f6",
  "outputs": {
    "Cloudfrontdomain": {
      "value": "d30d3jxt6zes37.cloudfront.net",
      "type": "string"
    },
    "Public_IP": {
      "value": "13.127.205.81",
      "type": "string"
    }
  },
  "resources": [
    {
      "mode": "data",
      "type": "aws_iam_policy_document",
      "name": "s3Policy",
      "provider": "provider.aws",
      "instances": [
        {
          "schema_version": 0,
          "attributes": {
            "id": "47523778",
            "json": "{\n  \"Version\": \"2012-10-17\",\n  \"Statement\": [\n    {\n      \"Sid\": \"\",\n      \"Effect\": \"Allow\",\n      \"Action\": \"s3:GetObject\",\n      \"Resource\": \"arn:aws:s3:::surin-bucket/*\",\n      \"Principal\": {\n        \"AWS\": \"arn:aws:iam::cloudfront:user/CloudFront Origin Access Identity E1KH0AKC3J9KUO\"\n      }\n    },\n    {\n      \"Sid\": \"\",\n      \"Effect\": \"Allow\",\n      \"Action\": \"s3:ListBucket\",\n      \"Resource\": \"arn:aws:s3:::surin-bucket\",\n      \"Principal\": {\n        \"AWS\": \"arn:aws:iam::cloudfront:user/CloudFront Origin Access Identity E1KH0AKC3J9KUO\"\n      }\n    }\n  ]\n}",
            "override_json": null,
            "policy_id": null,
            "source_json": null,
            "statement": [
              {
                "actions": [
                  "s3:GetObject"
                ],
                "condition": [],
                "effect": "Allow",
                "not_actions": [],
                "not_principals": [],
                "not_resources": [],
                "principals": [
                  {
                    "identifiers": [
                      "arn:aws:iam::cloudfront:user/CloudFront Origin Access Identity E1KH0AKC3J9KUO"
                    ],
                    "type": "AWS"
                  }
                ],
                "resources": [
                  "arn:aws:s3:::surin-bucket/*"
                ],
                "sid": ""
              },
              {
                "actions": [
                  "s3:ListBucket"
                ],
                "condition": [],
                "effect": "Allow",
                "not_actions": [],
                "not_principals": [],
                "not_resources": [],
                "principals": [
                  {
                    "identifiers": [
                      "arn:aws:iam::cloudfront:user/CloudFront Origin Access Identity E1KH0AKC3J9KUO"
                    ],
                    "type": "AWS"
                  }
                ],
                "resources": [
                  "arn:aws:s3:::surin-bucket"
                ],
                "sid": ""
              }
            ],
            "version": "2012-10-17"
          }
        }
      ]
    },
    {
      "mode": "managed",
      "type": "aws_cloudfront_distribution",
      "name": "s3Distribution",
      "provider": "provider.aws",
      "instances": [
        {
          "schema_version": 1,
          "attributes": {
            "aliases": null,
            "arn": "arn:aws:cloudfront::317303831192:distribution/EL0P9MC17I7HF",
            "caller_reference": "terraform-20201005072528479700000002",
            "comment": null,
            "custom_error_response": [],
            "default_cache_behavior": [
              {
                "allowed_methods": [
                  "DELETE",
                  "GET",
                  "HEAD",
                  "OPTIONS",
                  "PATCH",
                  "POST",
                  "PUT"
                ],
                "cached_methods": [
                  "GET",
                  "HEAD"
                ],
                "compress": false,
                "default_ttl": 3600,
                "field_level_encryption_id": "",
                "forwarded_values": [
                  {
                    "cookies": [
                      {
                        "forward": "none",
                        "whitelisted_names": null
                      }
                    ],
                    "headers": null,
                    "query_string": false,
                    "query_string_cache_keys": null
                  }
                ],
                "lambda_function_association": [],
                "max_ttl": 86400,
                "min_ttl": 0,
                "smooth_streaming": false,
                "target_origin_id": "S3-surin-bucket",
                "trusted_signers": null,
                "viewer_protocol_policy": "allow-all"
              }
            ],
            "default_root_object": "",
            "domain_name": "d30d3jxt6zes37.cloudfront.net",
            "enabled": true,
            "etag": "E29QXX8FK9Q7TF",
            "hosted_zone_id": "Z2FDTNDATAQYW2",
            "http_version": "http2",
            "id": "EL0P9MC17I7HF",
            "in_progress_validation_batches": 0,
            "is_ipv6_enabled": true,
            "last_modified_time": "2020-10-05 07:25:30.293 +0000 UTC",
            "logging_config": [],
            "ordered_cache_behavior": [],
            "origin": [
              {
                "custom_header": [],
                "custom_origin_config": [],
                "domain_name": "surin-bucket.s3.ap-south-1.amazonaws.com",
                "origin_id": "S3-surin-bucket",
                "origin_path": "",
                "s3_origin_config": [
                  {
                    "origin_access_identity": "origin-access-identity/cloudfront/E1KH0AKC3J9KUO"
                  }
                ]
              }
            ],
            "origin_group": [],
            "price_class": "PriceClass_All",
            "restrictions": [
              {
                "geo_restriction": [
                  {
                    "locations": [
                      "CA",
                      "IN",
                      "US"
                    ],
                    "restriction_type": "whitelist"
                  }
                ]
              }
            ],
            "retain_on_delete": false,
            "status": "InProgress",
            "tags": {
              "Environment": "Production"
            },
            "trusted_signers": [
              {
                "enabled": false,
                "items": []
              }
            ],
            "viewer_certificate": [
              {
                "acm_certificate_arn": "",
                "cloudfront_default_certificate": true,
                "iam_certificate_id": "",
                "minimum_protocol_version": "TLSv1",
                "ssl_support_method": ""
              }
            ],
            "wait_for_deployment": false,
            "web_acl_id": ""
          },
          "private": "eyJzY2hlbWFfdmVyc2lvbiI6IjEifQ==",
          "dependencies": [
            "aws_cloudfront_origin_access_identity.originAccessIdentity",
            "aws_s3_bucket.webBucket"
          ]
        }
      ]
    },
    {
      "mode": "managed",
      "type": "aws_cloudfront_origin_access_identity",
      "name": "originAccessIdentity",
      "provider": "provider.aws",
      "instances": [
        {
          "schema_version": 0,
          "attributes": {
            "caller_reference": "terraform-20201005072433302500000001",
            "cloudfront_access_identity_path": "origin-access-identity/cloudfront/E1KH0AKC3J9KUO",
            "comment": "access-identity-surin-bucket",
            "etag": "E1P54CHK25VT0O",
            "iam_arn": "arn:aws:iam::cloudfront:user/CloudFront Origin Access Identity E1KH0AKC3J9KUO",
            "id": "E1KH0AKC3J9KUO",
            "s3_canonical_user_id": "9b67ef6546b6d27655b003ffcaedea1dc21e92cb8b75501017a80e196ab408475579bfd30afa262ee9a8002e2672ad04"
          },
          "private": "bnVsbA=="
        }
      ]
    },
    {
      "mode": "managed",
      "type": "aws_efs_file_system",
      "name": "webEFS",
      "provider": "provider.aws",
      "instances": [
        {
          "schema_version": 0,
          "attributes": {
            "arn": "arn:aws:elasticfilesystem:ap-south-1:317303831192:file-system/fs-92c1a043",
            "creation_token": "Web-EFS",
            "dns_name": "fs-92c1a043.efs.ap-south-1.amazonaws.com",
            "encrypted": false,
            "id": "fs-92c1a043",
            "kms_key_id": "",
            "lifecycle_policy": [],
            "performance_mode": "generalPurpose",
            "provisioned_throughput_in_mibps": 0,
            "tags": {
              "Name": "WebEFS"
            },
            "throughput_mode": "bursting"
          },
          "private": "bnVsbA=="
        }
      ]
    },
    {
      "mode": "managed",
      "type": "aws_efs_mount_target",
      "name": "EFSMount",
      "provider": "provider.aws",
      "instances": [
        {
          "schema_version": 0,
          "attributes": {
            "availability_zone_id": "aps1-az1",
            "availability_zone_name": "ap-south-1a",
            "dns_name": "fs-92c1a043.efs.ap-south-1.amazonaws.com",
            "file_system_arn": "arn:aws:elasticfilesystem:ap-south-1:317303831192:file-system/fs-92c1a043",
            "file_system_id": "fs-92c1a043",
            "id": "fsmt-4c69b19d",
            "ip_address": "172.31.44.41",
            "mount_target_dns_name": "ap-south-1a.fs-92c1a043.efs.ap-south-1.amazonaws.com",
            "network_interface_id": "eni-0d7cddbb1f895d4b2",
            "owner_id": "317303831192",
            "security_groups": [
              "sg-06829d64fe23c568c"
            ],
            "subnet_id": "subnet-1254517a"
          },
          "private": "bnVsbA==",
          "dependencies": [
            "aws_efs_file_system.webEFS",
            "aws_instance.webInstance",
            "aws_key_pair.newKey",
            "aws_security_group.efsSecurityGroup",
            "tls_private_key.keyGenerate"
          ]
        }
      ]
    },
    {
      "mode": "managed",
      "type": "aws_instance",
      "name": "webInstance",
      "provider": "provider.aws",
      "instances": [
        {
          "schema_version": 1,
          "attributes": {
            "ami": "ami-052c08d70def0ac62",
            "arn": "arn:aws:ec2:ap-south-1:317303831192:instance/i-0163bf99fb0113c68",
            "associate_public_ip_address": true,
            "availability_zone": "ap-south-1a",
            "cpu_core_count": 1,
            "cpu_threads_per_core": 1,
            "credit_specification": [
              {
                "cpu_credits": "standard"
              }
            ],
            "disable_api_termination": false,
            "ebs_block_device": [],
            "ebs_optimized": false,
            "ephemeral_block_device": [],
            "get_password_data": false,
            "hibernation": false,
            "host_id": null,
            "iam_instance_profile": "",
            "id": "i-0163bf99fb0113c68",
            "instance_initiated_shutdown_behavior": null,
            "instance_state": "running",
            "instance_type": "t2.micro",
            "ipv6_address_count": 0,
            "ipv6_addresses": [],
            "key_name": "mykey2",
            "metadata_options": [
              {
                "http_endpoint": "enabled",
                "http_put_response_hop_limit": 1,
                "http_tokens": "optional"
              }
            ],
            "monitoring": false,
            "network_interface": [],
            "outpost_arn": "",
            "password_data": "",
            "placement_group": "",
            "primary_network_interface_id": "eni-09df2983aa33b5cb1",
            "private_dns": "ip-172-31-41-90.ap-south-1.compute.internal",
            "private_ip": "172.31.41.90",
            "public_dns": "ec2-13-127-205-81.ap-south-1.compute.amazonaws.com",
            "public_ip": "13.127.205.81",
            "root_block_device": [
              {
                "delete_on_termination": true,
                "device_name": "/dev/sda1",
                "encrypted": false,
                "iops": 100,
                "kms_key_id": "",
                "volume_id": "vol-0eaade3a3743d4941",
                "volume_size": 10,
                "volume_type": "gp2"
              }
            ],
            "secondary_private_ips": [],
            "security_groups": [
              "efs-allow"
            ],
            "source_dest_check": true,
            "subnet_id": "subnet-1254517a",
            "tags": {
              "Name": "Web-OS"
            },
            "tenancy": "default",
            "timeouts": null,
            "user_data": null,
            "user_data_base64": null,
            "volume_tags": {},
            "vpc_security_group_ids": [
              "sg-06829d64fe23c568c"
            ]
          },
          "private": "eyJlMmJmYjczMC1lY2FhLTExZTYtOGY4OC0zNDM2M2JjN2M0YzAiOnsiY3JlYXRlIjo2MDAwMDAwMDAwMDAsImRlbGV0ZSI6MTIwMDAwMDAwMDAwMCwidXBkYXRlIjo2MDAwMDAwMDAwMDB9LCJzY2hlbWFfdmVyc2lvbiI6IjEifQ==",
          "dependencies": [
            "aws_key_pair.newKey",
            "aws_security_group.efsSecurityGroup",
            "tls_private_key.keyGenerate"
          ]
        }
      ]
    },
    {
      "mode": "managed",
      "type": "aws_key_pair",
      "name": "newKey",
      "provider": "provider.aws",
      "instances": [
        {
          "schema_version": 1,
          "attributes": {
            "arn": "arn:aws:ec2:ap-south-1:317303831192:key-pair/mykey2",
            "fingerprint": "47:4a:0e:e8:e2:a2:67:53:28:17:70:1c:ea:9a:7d:a0",
            "id": "mykey2",
            "key_name": "mykey2",
            "key_name_prefix": null,
            "key_pair_id": "key-06382860a22c4a029",
            "public_key": "ssh-rsa AAAAB3NzaC1yc2EAAAADAQABAAABAQDBBKTxUG+fnzAhzR3zgshDV5Acjo3af0gU1O6GQxGbbWDhVkiEHwXKuBO/2g4oE5CiUYDtpkGJCDeTpuOjcfITtT2ahqA3337ggub+ByYAZZdIT3N1eKx31vBowDyxGFm9+jnzGuzdS8rptFVP/FlUHRmxEEvOU3G6jt5eQYEAtLgPG5PSc6bTK0tmS1aUbm3gPa2++1irnBd4had24DXi3MBY8RoCavNlLvCc79wk4RDmEZEhxc+fBvUunKOsHvezwPi/4KeqU/qGI1gPUcEOcVp/HxfTPJ11XAWFPZL3xqbP+v89qVBKU/AodwUObbe+11FKp7pnSVJRW6l79zM/",
            "tags": null
          },
          "private": "eyJzY2hlbWFfdmVyc2lvbiI6IjEifQ==",
          "dependencies": [
            "tls_private_key.keyGenerate"
          ]
        }
      ]
    },
    {
      "mode": "managed",
      "type": "aws_s3_bucket",
      "name": "webBucket",
      "provider": "provider.aws",
      "instances": [
        {
          "schema_version": 0,
          "attributes": {
            "acceleration_status": "",
            "acl": "private",
            "arn": "arn:aws:s3:::surin-bucket",
            "bucket": "surin-bucket",
            "bucket_domain_name": "surin-bucket.s3.amazonaws.com",
            "bucket_prefix": null,
            "bucket_regional_domain_name": "surin-bucket.s3.ap-south-1.amazonaws.com",
            "cors_rule": [],
            "force_destroy": true,
            "grant": [],
            "hosted_zone_id": "Z11RGJOFQNVJUP",
            "id": "surin-bucket",
            "lifecycle_rule": [],
            "logging": [],
            "object_lock_configuration": [],
            "policy": null,
            "region": "ap-south-1",
            "replication_configuration": [],
            "request_payer": "BucketOwner",
            "server_side_encryption_configuration": [],
            "tags": {
              "Name": "Web-bucket"
            },
            "versioning": [
              {
                "enabled": false,
                "mfa_delete": false
              }
            ],
            "website": [],
            "website_domain": null,
            "website_endpoint": null
          },
          "private": "bnVsbA=="
        }
      ]
    },
    {
      "mode": "managed",
      "type": "aws_s3_bucket_policy",
      "name": "bucketReadPolicy",
      "provider": "provider.aws",
      "instances": [
        {
          "schema_version": 0,
          "attributes": {
            "bucket": "surin-bucket",
            "id": "surin-bucket",
            "policy": "{\n  \"Version\": \"2012-10-17\",\n  \"Statement\": [\n    {\n      \"Sid\": \"\",\n      \"Effect\": \"Allow\",\n      \"Action\": \"s3:GetObject\",\n      \"Resource\": \"arn:aws:s3:::surin-bucket/*\",\n      \"Principal\": {\n        \"AWS\": \"arn:aws:iam::cloudfront:user/CloudFront Origin Access Identity E1KH0AKC3J9KUO\"\n      }\n    },\n    {\n      \"Sid\": \"\",\n      \"Effect\": \"Allow\",\n      \"Action\": \"s3:ListBucket\",\n      \"Resource\": \"arn:aws:s3:::surin-bucket\",\n      \"Principal\": {\n        \"AWS\": \"arn:aws:iam::cloudfront:user/CloudFront Origin Access Identity E1KH0AKC3J9KUO\"\n      }\n    }\n  ]\n}"
          },
          "private": "bnVsbA==",
          "dependencies": [
            "aws_cloudfront_origin_access_identity.originAccessIdentity",
            "aws_s3_bucket.webBucket"
          ]
        }
      ]
    },
    {
      "mode": "managed",
      "type": "aws_security_group",
      "name": "efsSecurityGroup",
      "provider": "provider.aws",
      "instances": [
        {
          "schema_version": 1,
          "attributes": {
            "arn": "arn:aws:ec2:ap-south-1:317303831192:security-group/sg-06829d64fe23c568c",
            "description": "NFS access",
            "egress": [
              {
                "cidr_blocks": [
                  "0.0.0.0/0"
                ],
                "description": "",
                "from_port": 0,
                "ipv6_cidr_blocks": [],
                "prefix_list_ids": [],
                "protocol": "-1",
                "security_groups": [],
                "self": false,
                "to_port": 0
              }
            ],
            "id": "sg-06829d64fe23c568c",
            "ingress": [
              {
                "cidr_blocks": [
                  "0.0.0.0/0"
                ],
                "description": "",
                "from_port": 2049,
                "ipv6_cidr_blocks": [],
                "prefix_list_ids": [],
                "protocol": "tcp",
                "security_groups": [],
                "self": false,
                "to_port": 2049
              },
              {
                "cidr_blocks": [
                  "0.0.0.0/0"
                ],
                "description": "",
                "from_port": 22,
                "ipv6_cidr_blocks": [],
                "prefix_list_ids": [],
                "protocol": "tcp",
                "security_groups": [],
                "self": false,
                "to_port": 22
              },
              {
                "cidr_blocks": [
                  "0.0.0.0/0"
                ],
                "description": "",
                "from_port": 80,
                "ipv6_cidr_blocks": [],
                "prefix_list_ids": [],
                "protocol": "tcp",
                "security_groups": [],
                "self": false,
                "to_port": 80
              }
            ],
            "name": "efs-allow",
            "name_prefix": "",
            "owner_id": "317303831192",
            "revoke_rules_on_delete": false,
            "tags": {
              "Name": "efs_allow"
            },
            "timeouts": null,
            "vpc_id": "vpc-91617df9"
          },
          "private": "eyJlMmJmYjczMC1lY2FhLTExZTYtOGY4OC0zNDM2M2JjN2M0YzAiOnsiY3JlYXRlIjo2MDAwMDAwMDAwMDAsImRlbGV0ZSI6NjAwMDAwMDAwMDAwfSwic2NoZW1hX3ZlcnNpb24iOiIxIn0="
        }
      ]
    },
    {
      "mode": "managed",
      "type": "local_file",
      "name": "keySave",
      "provider": "provider.local",
      "instances": [
        {
          "schema_version": 0,
          "attributes": {
            "content": "-----BEGIN RSA PRIVATE KEY-----\nMIIEpAIBAAKCAQEAwQSk8VBvn58wIc0d84LIQ1eQHI6N2n9IFNTuhkMRm21g4VZI\nhB8FyrgTv9oOKBOQolGA7aZBiQg3k6bjo3HyE7U9moagN99+4ILm/gcmAGWXSE9z\ndXisd9bwaMA8sRhZvfo58xrs3UvK6bRVT/xZVB0ZsRBLzlNxuo7eXkGBALS4DxuT\n0nOm0ytLZktWlG5t4D2tvvtYq5wXeIWnduA14tzAWPEaAmrzZS7wnO/cJOEQ5hGR\nIcXPnwb1LpyjrB73s8D4v+CnqlP6hiNYD1HBDnFafx8X0zyddVwFhT2S98amz/r/\nPalQSlPwKHcFDm23vtdRSqe6Z0lSUVupe/czPwIDAQABAoIBAGaWIVRge/NKmDpe\n2lxiVi30jBOhcKOAor7vrRaO7vy81ZDuWvxdwKZNz7FYI84JGAYta2jjxFEgnOlM\n+hAUr6Tp3yQSCXWow7Zv3HWHNxte41j7YVI+IOxQwNXr1lYJqyjdpY8f8GRttBsi\nTXWFmbSrAsyo7KFsmDWfWXCfQAEvH4G6zbkEv4pbZtrQFqh3cfs2yqfSxt0E+oKR\nGlJHNySmFdmj3VDH9gjUQ7Dj+4h5gfiSc55V9tXYRg3XPxqNk5UCnXpvfjJ+dgb2\nlPxI3qD6lE52rKzKEeEr4q7DNidgHRvwULvpaSN2PN0+dYWjYHY+ZK6+VhsFw6CI\nQq4/koECgYEA2Bk5uRd+nhtrj69KjJeGK2GP5ozdJspvb6hMOjrz45T2AvET04EO\nFjIVt2lnvmilsge2HYtZ9CFHZCbTjECWaCY+orp7/pixhsNMPX4MFCrSZnZLWLLl\ngckiYTC1SEKKEk86MYBSmRd5NVffaCgq0EJIR5+FnkqPvJy0Iqy1BZUCgYEA5Khu\nJZvk+n7fAQyPTQqP3t+/BWmkBn1APPvEF3vh53FRM7TQ/p8xTfcrAWygIaRSz/pP\n1no/BDWNgIW/Wo1stHU9SmaqNkiTOFY1j40sE9QH7Mt6/+UGGKZ6wpdIKuFJt7E4\na5PA+4sNw0GEEnZdb3iRqX+aBOCqTsA1cBD5+IMCgYEAscAWFeR4du7RC9BA/uII\nL5jBd/94TVcIUIzbnq4tPI6jyQmpqDiocKNj74jZF+sWGBl1uFmOdVwGUCALtHrP\n/P0wWkQQh/vrUpFEHfSXVONgS32UPnJwi8/44n7hLn3k+miG0n7d8iU3wyPzlMYt\naT6MG7Xgf7KPBrLTDQ6Im/0CgYATW17XuDbOLedbA2EuOHKtf2uAXc0Q75F8mCOl\niUs6eJFTOz9mDrvxybbOTA/SSULpcFtJ4Nds18u+0ZO9arOFI1eo8MAAEGzGHCY0\nnNLaatyw4xjqiMzXUWCbEIt/dcrzzgDkuoFfygnEOcugdHy8bwyFuNOlDg/c0tCz\nR/yhWQKBgQC3jgmn1QZqz8mkDVxgtLlX/ceBP6+ou7H1FPbC/FCjUmj7rhWs0JKO\nC67IPjjAvJx8uWlN5M+etsmvC5OHLqg5N1SUphuTnfubX++lSVbILP86jERVeQHb\nhbF6m0K4sY8c5lXGFgRqj1rtm+7sISSKC7WdIslsUGKQUAV9qyIr/g==\n-----END RSA PRIVATE KEY-----\n",
            "content_base64": null,
            "directory_permission": "0777",
            "file_permission": "0777",
            "filename": "mykey2.pem",
            "id": "b35ec3ae006d1a2fd4a61271b2d4a8c91a166a35",
            "sensitive_content": null
          },
          "private": "bnVsbA==",
          "dependencies": [
            "tls_private_key.keyGenerate"
          ]
        }
      ]
    },
    {
      "mode": "managed",
      "type": "null_resource",
      "name": "NFSConfig",
      "provider": "provider.null",
      "instances": [
        {
          "schema_version": 0,
          "attributes": {
            "id": "5671997246221175382",
            "triggers": null
          },
          "private": "bnVsbA==",
          "dependencies": [
            "aws_efs_file_system.webEFS",
            "aws_efs_mount_target.EFSMount",
            "aws_instance.webInstance",
            "aws_key_pair.newKey",
            "aws_security_group.efsSecurityGroup",
            "tls_private_key.keyGenerate"
          ]
        }
      ]
    },
    {
      "mode": "managed",
      "type": "null_resource",
      "name": "copyS3",
      "provider": "provider.null",
      "instances": [
        {
          "schema_version": 0,
          "attributes": {
            "id": "5348235724670967218",
            "triggers": null
          },
          "private": "bnVsbA==",
          "dependencies": [
            "aws_s3_bucket.webBucket"
          ]
        }
      ]
    },
    {
      "mode": "managed",
      "type": "null_resource",
      "name": "showSite",
      "provider": "provider.null",
      "instances": [
        {
          "schema_version": 0,
          "attributes": {
            "id": "2822409022025208261",
            "triggers": null
          },
          "private": "bnVsbA==",
          "dependencies": [
            "aws_cloudfront_distribution.s3Distribution",
            "aws_cloudfront_origin_access_identity.originAccessIdentity",
            "aws_efs_file_system.webEFS",
            "aws_efs_mount_target.EFSMount",
            "aws_instance.webInstance",
            "aws_key_pair.newKey",
            "aws_s3_bucket.webBucket",
            "aws_security_group.efsSecurityGroup",
            "null_resource.NFSConfig",
            "null_resource.updateURL",
            "tls_private_key.keyGenerate"
          ]
        }
      ]
    },
    {
      "mode": "managed",
      "type": "null_resource",
      "name": "updateURL",
      "provider": "provider.null",
      "instances": [
        {
          "schema_version": 0,
          "attributes": {
            "id": "8026494296662319952",
            "triggers": null
          },
          "private": "bnVsbA==",
          "dependencies": [
            "aws_cloudfront_distribution.s3Distribution",
            "aws_cloudfront_origin_access_identity.originAccessIdentity",
            "aws_efs_file_system.webEFS",
            "aws_efs_mount_target.EFSMount",
            "aws_instance.webInstance",
            "aws_key_pair.newKey",
            "aws_s3_bucket.webBucket",
            "aws_security_group.efsSecurityGroup",
            "null_resource.NFSConfig",
            "tls_private_key.keyGenerate"
          ]
        }
      ]
    },
    {
      "mode": "managed",
      "type": "tls_private_key",
      "name": "keyGenerate",
      "provider": "provider.tls",
      "instances": [
        {
          "schema_version": 0,
          "attributes": {
            "algorithm": "RSA",
            "ecdsa_curve": "P224",
            "id": "3c45753d953e8bb8ae8892bdc9228159b9479e62",
            "private_key_pem": "-----BEGIN RSA PRIVATE KEY-----\nMIIEpAIBAAKCAQEAwQSk8VBvn58wIc0d84LIQ1eQHI6N2n9IFNTuhkMRm21g4VZI\nhB8FyrgTv9oOKBOQolGA7aZBiQg3k6bjo3HyE7U9moagN99+4ILm/gcmAGWXSE9z\ndXisd9bwaMA8sRhZvfo58xrs3UvK6bRVT/xZVB0ZsRBLzlNxuo7eXkGBALS4DxuT\n0nOm0ytLZktWlG5t4D2tvvtYq5wXeIWnduA14tzAWPEaAmrzZS7wnO/cJOEQ5hGR\nIcXPnwb1LpyjrB73s8D4v+CnqlP6hiNYD1HBDnFafx8X0zyddVwFhT2S98amz/r/\nPalQSlPwKHcFDm23vtdRSqe6Z0lSUVupe/czPwIDAQABAoIBAGaWIVRge/NKmDpe\n2lxiVi30jBOhcKOAor7vrRaO7vy81ZDuWvxdwKZNz7FYI84JGAYta2jjxFEgnOlM\n+hAUr6Tp3yQSCXWow7Zv3HWHNxte41j7YVI+IOxQwNXr1lYJqyjdpY8f8GRttBsi\nTXWFmbSrAsyo7KFsmDWfWXCfQAEvH4G6zbkEv4pbZtrQFqh3cfs2yqfSxt0E+oKR\nGlJHNySmFdmj3VDH9gjUQ7Dj+4h5gfiSc55V9tXYRg3XPxqNk5UCnXpvfjJ+dgb2\nlPxI3qD6lE52rKzKEeEr4q7DNidgHRvwULvpaSN2PN0+dYWjYHY+ZK6+VhsFw6CI\nQq4/koECgYEA2Bk5uRd+nhtrj69KjJeGK2GP5ozdJspvb6hMOjrz45T2AvET04EO\nFjIVt2lnvmilsge2HYtZ9CFHZCbTjECWaCY+orp7/pixhsNMPX4MFCrSZnZLWLLl\ngckiYTC1SEKKEk86MYBSmRd5NVffaCgq0EJIR5+FnkqPvJy0Iqy1BZUCgYEA5Khu\nJZvk+n7fAQyPTQqP3t+/BWmkBn1APPvEF3vh53FRM7TQ/p8xTfcrAWygIaRSz/pP\n1no/BDWNgIW/Wo1stHU9SmaqNkiTOFY1j40sE9QH7Mt6/+UGGKZ6wpdIKuFJt7E4\na5PA+4sNw0GEEnZdb3iRqX+aBOCqTsA1cBD5+IMCgYEAscAWFeR4du7RC9BA/uII\nL5jBd/94TVcIUIzbnq4tPI6jyQmpqDiocKNj74jZF+sWGBl1uFmOdVwGUCALtHrP\n/P0wWkQQh/vrUpFEHfSXVONgS32UPnJwi8/44n7hLn3k+miG0n7d8iU3wyPzlMYt\naT6MG7Xgf7KPBrLTDQ6Im/0CgYATW17XuDbOLedbA2EuOHKtf2uAXc0Q75F8mCOl\niUs6eJFTOz9mDrvxybbOTA/SSULpcFtJ4Nds18u+0ZO9arOFI1eo8MAAEGzGHCY0\nnNLaatyw4xjqiMzXUWCbEIt/dcrzzgDkuoFfygnEOcugdHy8bwyFuNOlDg/c0tCz\nR/yhWQKBgQC3jgmn1QZqz8mkDVxgtLlX/ceBP6+ou7H1FPbC/FCjUmj7rhWs0JKO\nC67IPjjAvJx8uWlN5M+etsmvC5OHLqg5N1SUphuTnfubX++lSVbILP86jERVeQHb\nhbF6m0K4sY8c5lXGFgRqj1rtm+7sISSKC7WdIslsUGKQUAV9qyIr/g==\n-----END RSA PRIVATE KEY-----\n",
            "public_key_fingerprint_md5": "13:cc:95:fa:09:a4:ed:bc:8b:d8:63:5c:21:86:0a:c8",
            "public_key_openssh": "ssh-rsa AAAAB3NzaC1yc2EAAAADAQABAAABAQDBBKTxUG+fnzAhzR3zgshDV5Acjo3af0gU1O6GQxGbbWDhVkiEHwXKuBO/2g4oE5CiUYDtpkGJCDeTpuOjcfITtT2ahqA3337ggub+ByYAZZdIT3N1eKx31vBowDyxGFm9+jnzGuzdS8rptFVP/FlUHRmxEEvOU3G6jt5eQYEAtLgPG5PSc6bTK0tmS1aUbm3gPa2++1irnBd4had24DXi3MBY8RoCavNlLvCc79wk4RDmEZEhxc+fBvUunKOsHvezwPi/4KeqU/qGI1gPUcEOcVp/HxfTPJ11XAWFPZL3xqbP+v89qVBKU/AodwUObbe+11FKp7pnSVJRW6l79zM/\n",
            "public_key_pem": "-----BEGIN PUBLIC KEY-----\nMIIBIjANBgkqhkiG9w0BAQEFAAOCAQ8AMIIBCgKCAQEAwQSk8VBvn58wIc0d84LI\nQ1eQHI6N2n9IFNTuhkMRm21g4VZIhB8FyrgTv9oOKBOQolGA7aZBiQg3k6bjo3Hy\nE7U9moagN99+4ILm/gcmAGWXSE9zdXisd9bwaMA8sRhZvfo58xrs3UvK6bRVT/xZ\nVB0ZsRBLzlNxuo7eXkGBALS4DxuT0nOm0ytLZktWlG5t4D2tvvtYq5wXeIWnduA1\n4tzAWPEaAmrzZS7wnO/cJOEQ5hGRIcXPnwb1LpyjrB73s8D4v+CnqlP6hiNYD1HB\nDnFafx8X0zyddVwFhT2S98amz/r/PalQSlPwKHcFDm23vtdRSqe6Z0lSUVupe/cz\nPwIDAQAB\n-----END PUBLIC KEY-----\n",
            "rsa_bits": 2048
          },
          "private": "bnVsbA=="
        }
      ]
    }
  ]
}
